// !$*UTF8*$!
{
	archiveVersion = 1;
	classes = {
	};
	objectVersion = 56;
	objects = {

/* Begin PBXBuildFile section */
		93FB2E182A8E9C4E00039CF0 /* SimpleCalc Watch App.app in Embed Watch Content */ = {isa = PBXBuildFile; fileRef = 93FB2E172A8E9C4E00039CF0 /* SimpleCalc Watch App.app */; settings = {ATTRIBUTES = (RemoveHeadersOnCopy, ); }; };
		93FB2E1D2A8E9C4E00039CF0 /* SimpleCalcApp.swift in Sources */ = {isa = PBXBuildFile; fileRef = 93FB2E1C2A8E9C4E00039CF0 /* SimpleCalcApp.swift */; };
		93FB2E1F2A8E9C4E00039CF0 /* ContentView.swift in Sources */ = {isa = PBXBuildFile; fileRef = 93FB2E1E2A8E9C4E00039CF0 /* ContentView.swift */; };
		93FB2E212A8E9C5000039CF0 /* Assets.xcassets in Resources */ = {isa = PBXBuildFile; fileRef = 93FB2E202A8E9C5000039CF0 /* Assets.xcassets */; };
		93FB2E242A8E9C5000039CF0 /* Preview Assets.xcassets in Resources */ = {isa = PBXBuildFile; fileRef = 93FB2E232A8E9C5000039CF0 /* Preview Assets.xcassets */; };
		93FB2E3B2A8E9F5900039CF0 /* CalcButton.swift in Sources */ = {isa = PBXBuildFile; fileRef = 93FB2E3A2A8E9F5900039CF0 /* CalcButton.swift */; };
		93FB2E3F2A8EA00C00039CF0 /* CalcUiView.swift in Sources */ = {isa = PBXBuildFile; fileRef = 93FB2E3E2A8EA00C00039CF0 /* CalcUiView.swift */; };
		93FB2E412A8EA15B00039CF0 /* CalcViewModel.swift in Sources */ = {isa = PBXBuildFile; fileRef = 93FB2E402A8EA15B00039CF0 /* CalcViewModel.swift */; };
		93FB2E442A8EA1B700039CF0 /* Double+Extensions.swift in Sources */ = {isa = PBXBuildFile; fileRef = 93FB2E432A8EA1B700039CF0 /* Double+Extensions.swift */; };
/* End PBXBuildFile section */

/* Begin PBXContainerItemProxy section */
		93FB2E192A8E9C4E00039CF0 /* PBXContainerItemProxy */ = {
			isa = PBXContainerItemProxy;
			containerPortal = 93FB2E0B2A8E9C4E00039CF0 /* Project object */;
			proxyType = 1;
			remoteGlobalIDString = 93FB2E162A8E9C4E00039CF0;
			remoteInfo = "SimpleCalc Watch App";
		};
/* End PBXContainerItemProxy section */

/* Begin PBXCopyFilesBuildPhase section */
		93FB2E2A2A8E9C5000039CF0 /* Embed Watch Content */ = {
			isa = PBXCopyFilesBuildPhase;
			buildActionMask = 2147483647;
			dstPath = "$(CONTENTS_FOLDER_PATH)/Watch";
			dstSubfolderSpec = 16;
			files = (
				93FB2E182A8E9C4E00039CF0 /* SimpleCalc Watch App.app in Embed Watch Content */,
			);
			name = "Embed Watch Content";
			runOnlyForDeploymentPostprocessing = 0;
		};
/* End PBXCopyFilesBuildPhase section */

/* Begin PBXFileReference section */
		93FB2E112A8E9C4E00039CF0 /* SimpleCalc.app */ = {isa = PBXFileReference; explicitFileType = wrapper.application; includeInIndex = 0; path = SimpleCalc.app; sourceTree = BUILT_PRODUCTS_DIR; };
		93FB2E172A8E9C4E00039CF0 /* SimpleCalc Watch App.app */ = {isa = PBXFileReference; explicitFileType = wrapper.application; includeInIndex = 0; path = "SimpleCalc Watch App.app"; sourceTree = BUILT_PRODUCTS_DIR; };
		93FB2E1C2A8E9C4E00039CF0 /* SimpleCalcApp.swift */ = {isa = PBXFileReference; lastKnownFileType = sourcecode.swift; path = SimpleCalcApp.swift; sourceTree = "<group>"; };
		93FB2E1E2A8E9C4E00039CF0 /* ContentView.swift */ = {isa = PBXFileReference; lastKnownFileType = sourcecode.swift; path = ContentView.swift; sourceTree = "<group>"; };
		93FB2E202A8E9C5000039CF0 /* Assets.xcassets */ = {isa = PBXFileReference; lastKnownFileType = folder.assetcatalog; path = Assets.xcassets; sourceTree = "<group>"; };
		93FB2E232A8E9C5000039CF0 /* Preview Assets.xcassets */ = {isa = PBXFileReference; lastKnownFileType = folder.assetcatalog; path = "Preview Assets.xcassets"; sourceTree = "<group>"; };
		93FB2E3A2A8E9F5900039CF0 /* CalcButton.swift */ = {isa = PBXFileReference; lastKnownFileType = sourcecode.swift; path = CalcButton.swift; sourceTree = "<group>"; };
		93FB2E3E2A8EA00C00039CF0 /* CalcUiView.swift */ = {isa = PBXFileReference; lastKnownFileType = sourcecode.swift; path = CalcUiView.swift; sourceTree = "<group>"; };
		93FB2E402A8EA15B00039CF0 /* CalcViewModel.swift */ = {isa = PBXFileReference; lastKnownFileType = sourcecode.swift; path = CalcViewModel.swift; sourceTree = "<group>"; };
		93FB2E432A8EA1B700039CF0 /* Double+Extensions.swift */ = {isa = PBXFileReference; lastKnownFileType = sourcecode.swift; path = "Double+Extensions.swift"; sourceTree = "<group>"; };
/* End PBXFileReference section */

/* Begin PBXFrameworksBuildPhase section */
		93FB2E142A8E9C4E00039CF0 /* Frameworks */ = {
			isa = PBXFrameworksBuildPhase;
			buildActionMask = 2147483647;
			files = (
			);
			runOnlyForDeploymentPostprocessing = 0;
		};
/* End PBXFrameworksBuildPhase section */

/* Begin PBXGroup section */
		93FB2E0A2A8E9C4E00039CF0 = {
			isa = PBXGroup;
			children = (
				93FB2E1B2A8E9C4E00039CF0 /* SimpleCalc Watch App */,
				93FB2E122A8E9C4E00039CF0 /* Products */,
			);
			sourceTree = "<group>";
		};
		93FB2E122A8E9C4E00039CF0 /* Products */ = {
			isa = PBXGroup;
			children = (
				93FB2E112A8E9C4E00039CF0 /* SimpleCalc.app */,
				93FB2E172A8E9C4E00039CF0 /* SimpleCalc Watch App.app */,
			);
			name = Products;
			sourceTree = "<group>";
		};
		93FB2E1B2A8E9C4E00039CF0 /* SimpleCalc Watch App */ = {
			isa = PBXGroup;
			children = (
				93FB2E422A8EA1A300039CF0 /* Extensions */,
				93FB2E392A8E9F3B00039CF0 /* CalcUiViews */,
				93FB2E1C2A8E9C4E00039CF0 /* SimpleCalcApp.swift */,
				93FB2E1E2A8E9C4E00039CF0 /* ContentView.swift */,
				93FB2E202A8E9C5000039CF0 /* Assets.xcassets */,
				93FB2E222A8E9C5000039CF0 /* Preview Content */,
				93FB2E402A8EA15B00039CF0 /* CalcViewModel.swift */,
			);
			path = "SimpleCalc Watch App";
			sourceTree = "<group>";
		};
		93FB2E222A8E9C5000039CF0 /* Preview Content */ = {
			isa = PBXGroup;
			children = (
				93FB2E232A8E9C5000039CF0 /* Preview Assets.xcassets */,
			);
			path = "Preview Content";
			sourceTree = "<group>";
		};
		93FB2E392A8E9F3B00039CF0 /* CalcUiViews */ = {
			isa = PBXGroup;
			children = (
				93FB2E3A2A8E9F5900039CF0 /* CalcButton.swift */,
				93FB2E3E2A8EA00C00039CF0 /* CalcUiView.swift */,
			);
			path = CalcUiViews;
			sourceTree = "<group>";
		};
		93FB2E422A8EA1A300039CF0 /* Extensions */ = {
			isa = PBXGroup;
			children = (
				93FB2E432A8EA1B700039CF0 /* Double+Extensions.swift */,
			);
			path = Extensions;
			sourceTree = "<group>";
		};
/* End PBXGroup section */

/* Begin PBXNativeTarget section */
		93FB2E102A8E9C4E00039CF0 /* SimpleCalc */ = {
			isa = PBXNativeTarget;
			buildConfigurationList = 93FB2E2B2A8E9C5000039CF0 /* Build configuration list for PBXNativeTarget "SimpleCalc" */;
			buildPhases = (
				93FB2E0F2A8E9C4E00039CF0 /* Resources */,
				93FB2E2A2A8E9C5000039CF0 /* Embed Watch Content */,
			);
			buildRules = (
			);
			dependencies = (
				93FB2E1A2A8E9C4E00039CF0 /* PBXTargetDependency */,
			);
			name = SimpleCalc;
			productName = SimpleCalc;
			productReference = 93FB2E112A8E9C4E00039CF0 /* SimpleCalc.app */;
			productType = "com.apple.product-type.application.watchapp2-container";
		};
		93FB2E162A8E9C4E00039CF0 /* SimpleCalc Watch App */ = {
			isa = PBXNativeTarget;
			buildConfigurationList = 93FB2E272A8E9C5000039CF0 /* Build configuration list for PBXNativeTarget "SimpleCalc Watch App" */;
			buildPhases = (
				93FB2E132A8E9C4E00039CF0 /* Sources */,
				93FB2E142A8E9C4E00039CF0 /* Frameworks */,
				93FB2E152A8E9C4E00039CF0 /* Resources */,
			);
			buildRules = (
			);
			dependencies = (
			);
			name = "SimpleCalc Watch App";
			productName = "SimpleCalc Watch App";
			productReference = 93FB2E172A8E9C4E00039CF0 /* SimpleCalc Watch App.app */;
			productType = "com.apple.product-type.application";
		};
/* End PBXNativeTarget section */

/* Begin PBXProject section */
		93FB2E0B2A8E9C4E00039CF0 /* Project object */ = {
			isa = PBXProject;
			attributes = {
				BuildIndependentTargetsInParallel = 1;
				LastSwiftUpdateCheck = 1410;
				LastUpgradeCheck = 1410;
				TargetAttributes = {
					93FB2E102A8E9C4E00039CF0 = {
						CreatedOnToolsVersion = 14.1;
					};
					93FB2E162A8E9C4E00039CF0 = {
						CreatedOnToolsVersion = 14.1;
					};
				};
			};
			buildConfigurationList = 93FB2E0E2A8E9C4E00039CF0 /* Build configuration list for PBXProject "SimpleCalc" */;
			compatibilityVersion = "Xcode 14.0";
			developmentRegion = en;
			hasScannedForEncodings = 0;
			knownRegions = (
				en,
				Base,
			);
			mainGroup = 93FB2E0A2A8E9C4E00039CF0;
			productRefGroup = 93FB2E122A8E9C4E00039CF0 /* Products */;
			projectDirPath = "";
			projectRoot = "";
			targets = (
				93FB2E102A8E9C4E00039CF0 /* SimpleCalc */,
				93FB2E162A8E9C4E00039CF0 /* SimpleCalc Watch App */,
			);
		};
/* End PBXProject section */

/* Begin PBXResourcesBuildPhase section */
		93FB2E0F2A8E9C4E00039CF0 /* Resources */ = {
			isa = PBXResourcesBuildPhase;
			buildActionMask = 2147483647;
			files = (
			);
			runOnlyForDeploymentPostprocessing = 0;
		};
		93FB2E152A8E9C4E00039CF0 /* Resources */ = {
			isa = PBXResourcesBuildPhase;
			buildActionMask = 2147483647;
			files = (
				93FB2E242A8E9C5000039CF0 /* Preview Assets.xcassets in Resources */,
				93FB2E212A8E9C5000039CF0 /* Assets.xcassets in Resources */,
			);
			runOnlyForDeploymentPostprocessing = 0;
		};
/* End PBXResourcesBuildPhase section */

/* Begin PBXSourcesBuildPhase section */
		93FB2E132A8E9C4E00039CF0 /* Sources */ = {
			isa = PBXSourcesBuildPhase;
			buildActionMask = 2147483647;
			files = (
				93FB2E442A8EA1B700039CF0 /* Double+Extensions.swift in Sources */,
				93FB2E1F2A8E9C4E00039CF0 /* ContentView.swift in Sources */,
				93FB2E412A8EA15B00039CF0 /* CalcViewModel.swift in Sources */,
				93FB2E3B2A8E9F5900039CF0 /* CalcButton.swift in Sources */,
				93FB2E1D2A8E9C4E00039CF0 /* SimpleCalcApp.swift in Sources */,
				93FB2E3F2A8EA00C00039CF0 /* CalcUiView.swift in Sources */,
			);
			runOnlyForDeploymentPostprocessing = 0;
		};
/* End PBXSourcesBuildPhase section */

/* Begin PBXTargetDependency section */
		93FB2E1A2A8E9C4E00039CF0 /* PBXTargetDependency */ = {
			isa = PBXTargetDependency;
			target = 93FB2E162A8E9C4E00039CF0 /* SimpleCalc Watch App */;
			targetProxy = 93FB2E192A8E9C4E00039CF0 /* PBXContainerItemProxy */;
		};
/* End PBXTargetDependency section */

/* Begin XCBuildConfiguration section */
		93FB2E252A8E9C5000039CF0 /* Debug */ = {
			isa = XCBuildConfiguration;
			buildSettings = {
				ALWAYS_SEARCH_USER_PATHS = NO;
				CLANG_ANALYZER_NONNULL = YES;
				CLANG_ANALYZER_NUMBER_OBJECT_CONVERSION = YES_AGGRESSIVE;
				CLANG_CXX_LANGUAGE_STANDARD = "gnu++20";
				CLANG_ENABLE_MODULES = YES;
				CLANG_ENABLE_OBJC_ARC = YES;
				CLANG_ENABLE_OBJC_WEAK = YES;
				CLANG_WARN_BLOCK_CAPTURE_AUTORELEASING = YES;
				CLANG_WARN_BOOL_CONVERSION = YES;
				CLANG_WARN_COMMA = YES;
				CLANG_WARN_CONSTANT_CONVERSION = YES;
				CLANG_WARN_DEPRECATED_OBJC_IMPLEMENTATIONS = YES;
				CLANG_WARN_DIRECT_OBJC_ISA_USAGE = YES_ERROR;
				CLANG_WARN_DOCUMENTATION_COMMENTS = YES;
				CLANG_WARN_EMPTY_BODY = YES;
				CLANG_WARN_ENUM_CONVERSION = YES;
				CLANG_WARN_INFINITE_RECURSION = YES;
				CLANG_WARN_INT_CONVERSION = YES;
				CLANG_WARN_NON_LITERAL_NULL_CONVERSION = YES;
				CLANG_WARN_OBJC_IMPLICIT_RETAIN_SELF = YES;
				CLANG_WARN_OBJC_LITERAL_CONVERSION = YES;
				CLANG_WARN_OBJC_ROOT_CLASS = YES_ERROR;
				CLANG_WARN_QUOTED_INCLUDE_IN_FRAMEWORK_HEADER = YES;
				CLANG_WARN_RANGE_LOOP_ANALYSIS = YES;
				CLANG_WARN_STRICT_PROTOTYPES = YES;
				CLANG_WARN_SUSPICIOUS_MOVE = YES;
				CLANG_WARN_UNGUARDED_AVAILABILITY = YES_AGGRESSIVE;
				CLANG_WARN_UNREACHABLE_CODE = YES;
				CLANG_WARN__DUPLICATE_METHOD_MATCH = YES;
				COPY_PHASE_STRIP = NO;
				DEBUG_INFORMATION_FORMAT = dwarf;
				ENABLE_STRICT_OBJC_MSGSEND = YES;
				ENABLE_TESTABILITY = YES;
				GCC_C_LANGUAGE_STANDARD = gnu11;
				GCC_DYNAMIC_NO_PIC = NO;
				GCC_NO_COMMON_BLOCKS = YES;
				GCC_OPTIMIZATION_LEVEL = 0;
				GCC_PREPROCESSOR_DEFINITIONS = (
					"DEBUG=1",
					"$(inherited)",
				);
				GCC_WARN_64_TO_32_BIT_CONVERSION = YES;
				GCC_WARN_ABOUT_RETURN_TYPE = YES_ERROR;
				GCC_WARN_UNDECLARED_SELECTOR = YES;
				GCC_WARN_UNINITIALIZED_AUTOS = YES_AGGRESSIVE;
				GCC_WARN_UNUSED_FUNCTION = YES;
				GCC_WARN_UNUSED_VARIABLE = YES;
				MTL_ENABLE_DEBUG_INFO = INCLUDE_SOURCE;
				MTL_FAST_MATH = YES;
				ONLY_ACTIVE_ARCH = YES;
				SWIFT_ACTIVE_COMPILATION_CONDITIONS = DEBUG;
				SWIFT_OPTIMIZATION_LEVEL = "-Onone";
			};
			name = Debug;
		};
		93FB2E262A8E9C5000039CF0 /* Release */ = {
			isa = XCBuildConfiguration;
			buildSettings = {
				ALWAYS_SEARCH_USER_PATHS = NO;
				CLANG_ANALYZER_NONNULL = YES;
				CLANG_ANALYZER_NUMBER_OBJECT_CONVERSION = YES_AGGRESSIVE;
				CLANG_CXX_LANGUAGE_STANDARD = "gnu++20";
				CLANG_ENABLE_MODULES = YES;
				CLANG_ENABLE_OBJC_ARC = YES;
				CLANG_ENABLE_OBJC_WEAK = YES;
				CLANG_WARN_BLOCK_CAPTURE_AUTORELEASING = YES;
				CLANG_WARN_BOOL_CONVERSION = YES;
				CLANG_WARN_COMMA = YES;
				CLANG_WARN_CONSTANT_CONVERSION = YES;
				CLANG_WARN_DEPRECATED_OBJC_IMPLEMENTATIONS = YES;
				CLANG_WARN_DIRECT_OBJC_ISA_USAGE = YES_ERROR;
				CLANG_WARN_DOCUMENTATION_COMMENTS = YES;
				CLANG_WARN_EMPTY_BODY = YES;
				CLANG_WARN_ENUM_CONVERSION = YES;
				CLANG_WARN_INFINITE_RECURSION = YES;
				CLANG_WARN_INT_CONVERSION = YES;
				CLANG_WARN_NON_LITERAL_NULL_CONVERSION = YES;
				CLANG_WARN_OBJC_IMPLICIT_RETAIN_SELF = YES;
				CLANG_WARN_OBJC_LITERAL_CONVERSION = YES;
				CLANG_WARN_OBJC_ROOT_CLASS = YES_ERROR;
				CLANG_WARN_QUOTED_INCLUDE_IN_FRAMEWORK_HEADER = YES;
				CLANG_WARN_RANGE_LOOP_ANALYSIS = YES;
				CLANG_WARN_STRICT_PROTOTYPES = YES;
				CLANG_WARN_SUSPICIOUS_MOVE = YES;
				CLANG_WARN_UNGUARDED_AVAILABILITY = YES_AGGRESSIVE;
				CLANG_WARN_UNREACHABLE_CODE = YES;
				CLANG_WARN__DUPLICATE_METHOD_MATCH = YES;
				COPY_PHASE_STRIP = NO;
				DEBUG_INFORMATION_FORMAT = "dwarf-with-dsym";
				ENABLE_NS_ASSERTIONS = NO;
				ENABLE_STRICT_OBJC_MSGSEND = YES;
				GCC_C_LANGUAGE_STANDARD = gnu11;
				GCC_NO_COMMON_BLOCKS = YES;
				GCC_WARN_64_TO_32_BIT_CONVERSION = YES;
				GCC_WARN_ABOUT_RETURN_TYPE = YES_ERROR;
				GCC_WARN_UNDECLARED_SELECTOR = YES;
				GCC_WARN_UNINITIALIZED_AUTOS = YES_AGGRESSIVE;
				GCC_WARN_UNUSED_FUNCTION = YES;
				GCC_WARN_UNUSED_VARIABLE = YES;
				MTL_ENABLE_DEBUG_INFO = NO;
				MTL_FAST_MATH = YES;
				SWIFT_COMPILATION_MODE = wholemodule;
				SWIFT_OPTIMIZATION_LEVEL = "-O";
			};
			name = Release;
		};
		93FB2E282A8E9C5000039CF0 /* Debug */ = {
			isa = XCBuildConfiguration;
			buildSettings = {
				ASSETCATALOG_COMPILER_APPICON_NAME = AppIcon;
				ASSETCATALOG_COMPILER_GLOBAL_ACCENT_COLOR_NAME = AccentColor;
				CODE_SIGN_STYLE = Automatic;
				CURRENT_PROJECT_VERSION = 1;
				DEVELOPMENT_ASSET_PATHS = "\"SimpleCalc Watch App/Preview Content\"";
				DEVELOPMENT_TEAM = 99485X5JU5;
				ENABLE_PREVIEWS = YES;
				GENERATE_INFOPLIST_FILE = YES;
				INFOPLIST_KEY_CFBundleDisplayName = SimpleCalc;
				INFOPLIST_KEY_UISupportedInterfaceOrientations = "UIInterfaceOrientationPortrait UIInterfaceOrientationPortraitUpsideDown";
				INFOPLIST_KEY_WKWatchOnly = YES;
				LD_RUNPATH_SEARCH_PATHS = (
					"$(inherited)",
					"@executable_path/Frameworks",
				);
				MARKETING_VERSION = 1.0;
				PRODUCT_BUNDLE_IDENTIFIER = io.gauravtak.SimpleCalc.watchkitapp;
				PRODUCT_NAME = "$(TARGET_NAME)";
				SDKROOT = watchos;
				SKIP_INSTALL = YES;
				SWIFT_EMIT_LOC_STRINGS = YES;
				SWIFT_VERSION = 5.0;
				TARGETED_DEVICE_FAMILY = 4;
				WATCHOS_DEPLOYMENT_TARGET = 9.1;
			};
			name = Debug;
		};
		93FB2E292A8E9C5000039CF0 /* Release */ = {
			isa = XCBuildConfiguration;
			buildSettings = {
				ASSETCATALOG_COMPILER_APPICON_NAME = AppIcon;
				ASSETCATALOG_COMPILER_GLOBAL_ACCENT_COLOR_NAME = AccentColor;
				CODE_SIGN_STYLE = Automatic;
				CURRENT_PROJECT_VERSION = 1;
				DEVELOPMENT_ASSET_PATHS = "\"SimpleCalc Watch App/Preview Content\"";
				DEVELOPMENT_TEAM = 99485X5JU5;
				ENABLE_PREVIEWS = YES;
				GENERATE_INFOPLIST_FILE = YES;
				INFOPLIST_KEY_CFBundleDisplayName = SimpleCalc;
				INFOPLIST_KEY_UISupportedInterfaceOrientations = "UIInterfaceOrientationPortrait UIInterfaceOrientationPortraitUpsideDown";
				INFOPLIST_KEY_WKWatchOnly = YES;
				LD_RUNPATH_SEARCH_PATHS = (
					"$(inherited)",
					"@executable_path/Frameworks",
				);
				MARKETING_VERSION = 1.0;
				PRODUCT_BUNDLE_IDENTIFIER = io.gauravtak.SimpleCalc.watchkitapp;
				PRODUCT_NAME = "$(TARGET_NAME)";
				SDKROOT = watchos;
				SKIP_INSTALL = YES;
				SWIFT_EMIT_LOC_STRINGS = YES;
				SWIFT_VERSION = 5.0;
				TARGETED_DEVICE_FAMILY = 4;
				VALIDATE_PRODUCT = YES;
				WATCHOS_DEPLOYMENT_TARGET = 9.1;
			};
			name = Release;
		};
		93FB2E2C2A8E9C5000039CF0 /* Debug */ = {
			isa = XCBuildConfiguration;
			buildSettings = {
				ALWAYS_EMBED_SWIFT_STANDARD_LIBRARIES = YES;
				CODE_SIGN_STYLE = Automatic;
				CURRENT_PROJECT_VERSION = 1;
				DEVELOPMENT_TEAM = 99485X5JU5;
				INFOPLIST_KEY_CFBundleDisplayName = SimpleCalc;
				MARKETING_VERSION = 1.0;
				PRODUCT_BUNDLE_IDENTIFIER = io.gauravtak.SimpleCalc;
				PRODUCT_NAME = "$(TARGET_NAME)";
				SDKROOT = iphoneos;
				SWIFT_VERSION = 5.0;
			};
			name = Debug;
		};
		93FB2E2D2A8E9C5000039CF0 /* Release */ = {
			isa = XCBuildConfiguration;
			buildSettings = {
				ALWAYS_EMBED_SWIFT_STANDARD_LIBRARIES = YES;
				CODE_SIGN_STYLE = Automatic;
				CURRENT_PROJECT_VERSION = 1;
				DEVELOPMENT_TEAM = 99485X5JU5;
				INFOPLIST_KEY_CFBundleDisplayName = SimpleCalc;
				MARKETING_VERSION = 1.0;
				PRODUCT_BUNDLE_IDENTIFIER = io.gauravtak.SimpleCalc;
				PRODUCT_NAME = "$(TARGET_NAME)";
				SDKROOT = iphoneos;
				SWIFT_VERSION = 5.0;
				VALIDATE_PRODUCT = YES;
			};
			name = Release;
		};
/* End XCBuildConfiguration section */

/* Begin XCConfigurationList section */
		93FB2E0E2A8E9C4E00039CF0 /* Build configuration list for PBXProject "SimpleCalc" */ = {
			isa = XCConfigurationList;
			buildConfigurations = (
				93FB2E252A8E9C5000039CF0 /* Debug */,
				93FB2E262A8E9C5000039CF0 /* Release */,
			);
			defaultConfigurationIsVisible = 0;
			defaultConfigurationName = Release;
		};
		93FB2E272A8E9C5000039CF0 /* Build configuration list for PBXNativeTarget "SimpleCalc Watch App" */ = {
			isa = XCConfigurationList;
			buildConfigurations = (
				93FB2E282A8E9C5000039CF0 /* Debug */,
				93FB2E292A8E9C5000039CF0 /* Release */,
			);
			defaultConfigurationIsVisible = 0;
			defaultConfigurationName = Release;
		};
		93FB2E2B2A8E9C5000039CF0 /* Build configuration list for PBXNativeTarget "SimpleCalc" */ = {
			isa = XCConfigurationList;
			buildConfigurations = (
				93FB2E2C2A8E9C5000039CF0 /* Debug */,
				93FB2E2D2A8E9C5000039CF0 /* Release */,
			);
			defaultConfigurationIsVisible = 0;
			defaultConfigurationName = Release;
		};
/* End XCConfigurationList section */
	};
	rootObject = 93FB2E0B2A8E9C4E00039CF0 /* Project object */;
}
